<Solution>
  <Folder Name="/src/">
    <Project Path="src/Lantern.Api/Lantern.Api.csproj" />
    <Project Path="src/Lantern.Till/Lantern.Till.csproj" />
  </Folder>
  <Folder Name="/tests/">
    <Project Path="tests/Lantern.IntegrationTests/Lantern.IntegrationTests.csproj" />
  </Folder>
</Solution>
